// !$*UTF8*$!
{
	archiveVersion = 1;
	classes = {
	};
	objectVersion = 50;
	objects = {

/* Begin PBXBuildFile section */
		B12212A725E07A9200FC8EB9 /* CardView.swift in Sources */ = {isa = PBXBuildFile; fileRef = B12212A425E07A9200FC8EB9 /* CardView.swift */; };
		B12212A825E07A9200FC8EB9 /* CardContents.swift in Sources */ = {isa = PBXBuildFile; fileRef = B12212A525E07A9200FC8EB9 /* CardContents.swift */; };
		B12212A925E07A9200FC8EB9 /* CardBackground.swift in Sources */ = {isa = PBXBuildFile; fileRef = B12212A625E07A9200FC8EB9 /* CardBackground.swift */; };
		B12212AC25E07AA400FC8EB9 /* Colors.swift in Sources */ = {isa = PBXBuildFile; fileRef = B12212AB25E07AA400FC8EB9 /* Colors.swift */; };
		B18B0F2D25E0809B00DF51CE /* PracticeView.swift in Sources */ = {isa = PBXBuildFile; fileRef = B18B0F2C25E0809B00DF51CE /* PracticeView.swift */; };
		B18B0F3025E0B20000DF51CE /* AnswerCountView.swift in Sources */ = {isa = PBXBuildFile; fileRef = B18B0F2F25E0B20000DF51CE /* AnswerCountView.swift */; };
		FA78781B25E02F44001299EB /* QuizJamApp.swift in Sources */ = {isa = PBXBuildFile; fileRef = FA78781A25E02F44001299EB /* QuizJamApp.swift */; };
		FA78781D25E02F44001299EB /* ContentView.swift in Sources */ = {isa = PBXBuildFile; fileRef = FA78781C25E02F44001299EB /* ContentView.swift */; };
		FA78781F25E02F45001299EB /* Assets.xcassets in Resources */ = {isa = PBXBuildFile; fileRef = FA78781E25E02F45001299EB /* Assets.xcassets */; };
		FA78782225E02F45001299EB /* Preview Assets.xcassets in Resources */ = {isa = PBXBuildFile; fileRef = FA78782125E02F45001299EB /* Preview Assets.xcassets */; };
		FA78782B25E04383001299EB /* Card.swift in Sources */ = {isa = PBXBuildFile; fileRef = FA78782A25E04383001299EB /* Card.swift */; };
		FA78782E25E05F7A001299EB /* cardData.json in Resources */ = {isa = PBXBuildFile; fileRef = FA78782D25E05F7A001299EB /* cardData.json */; };
		FA78783125E06367001299EB /* ModelData.swift in Sources */ = {isa = PBXBuildFile; fileRef = FA78783025E06367001299EB /* ModelData.swift */; };
		FA78783825E0643F001299EB /* CardList.swift in Sources */ = {isa = PBXBuildFile; fileRef = FA78783725E0643F001299EB /* CardList.swift */; };
/* End PBXBuildFile section */

/* Begin PBXFileReference section */
		B12212A425E07A9200FC8EB9 /* CardView.swift */ = {isa = PBXFileReference; fileEncoding = 4; lastKnownFileType = sourcecode.swift; path = CardView.swift; sourceTree = "<group>"; };
		B12212A525E07A9200FC8EB9 /* CardContents.swift */ = {isa = PBXFileReference; fileEncoding = 4; lastKnownFileType = sourcecode.swift; path = CardContents.swift; sourceTree = "<group>"; };
		B12212A625E07A9200FC8EB9 /* CardBackground.swift */ = {isa = PBXFileReference; fileEncoding = 4; lastKnownFileType = sourcecode.swift; path = CardBackground.swift; sourceTree = "<group>"; };
		B12212AB25E07AA400FC8EB9 /* Colors.swift */ = {isa = PBXFileReference; fileEncoding = 4; lastKnownFileType = sourcecode.swift; path = Colors.swift; sourceTree = "<group>"; };
		B18B0F2C25E0809B00DF51CE /* PracticeView.swift */ = {isa = PBXFileReference; lastKnownFileType = sourcecode.swift; path = PracticeView.swift; sourceTree = "<group>"; };
		B18B0F2F25E0B20000DF51CE /* AnswerCountView.swift */ = {isa = PBXFileReference; lastKnownFileType = sourcecode.swift; path = AnswerCountView.swift; sourceTree = "<group>"; };
		FA78781725E02F44001299EB /* QuizJam.app */ = {isa = PBXFileReference; explicitFileType = wrapper.application; includeInIndex = 0; path = QuizJam.app; sourceTree = BUILT_PRODUCTS_DIR; };
		FA78781A25E02F44001299EB /* QuizJamApp.swift */ = {isa = PBXFileReference; lastKnownFileType = sourcecode.swift; path = QuizJamApp.swift; sourceTree = "<group>"; };
		FA78781C25E02F44001299EB /* ContentView.swift */ = {isa = PBXFileReference; lastKnownFileType = sourcecode.swift; path = ContentView.swift; sourceTree = "<group>"; };
		FA78781E25E02F45001299EB /* Assets.xcassets */ = {isa = PBXFileReference; lastKnownFileType = folder.assetcatalog; path = Assets.xcassets; sourceTree = "<group>"; };
		FA78782125E02F45001299EB /* Preview Assets.xcassets */ = {isa = PBXFileReference; lastKnownFileType = folder.assetcatalog; path = "Preview Assets.xcassets"; sourceTree = "<group>"; };
		FA78782325E02F45001299EB /* Info.plist */ = {isa = PBXFileReference; lastKnownFileType = text.plist.xml; path = Info.plist; sourceTree = "<group>"; };
		FA78782A25E04383001299EB /* Card.swift */ = {isa = PBXFileReference; lastKnownFileType = sourcecode.swift; path = Card.swift; sourceTree = "<group>"; };
		FA78782D25E05F7A001299EB /* cardData.json */ = {isa = PBXFileReference; lastKnownFileType = text.json; path = cardData.json; sourceTree = "<group>"; };
		FA78783025E06367001299EB /* ModelData.swift */ = {isa = PBXFileReference; lastKnownFileType = sourcecode.swift; path = ModelData.swift; sourceTree = "<group>"; };
		FA78783725E0643F001299EB /* CardList.swift */ = {isa = PBXFileReference; lastKnownFileType = sourcecode.swift; path = CardList.swift; sourceTree = "<group>"; };
/* End PBXFileReference section */

/* Begin PBXFrameworksBuildPhase section */
		FA78781425E02F44001299EB /* Frameworks */ = {
			isa = PBXFrameworksBuildPhase;
			buildActionMask = 2147483647;
			files = (
			);
			runOnlyForDeploymentPostprocessing = 0;
		};
/* End PBXFrameworksBuildPhase section */

/* Begin PBXGroup section */
		FA78780E25E02F44001299EB = {
			isa = PBXGroup;
			children = (
				FA78781925E02F44001299EB /* QuizJam */,
				FA78781825E02F44001299EB /* Products */,
			);
			sourceTree = "<group>";
		};
		FA78781825E02F44001299EB /* Products */ = {
			isa = PBXGroup;
			children = (
				FA78781725E02F44001299EB /* QuizJam.app */,
			);
			name = Products;
			sourceTree = "<group>";
		};
		FA78781925E02F44001299EB /* QuizJam */ = {
			isa = PBXGroup;
			children = (
				B12212AB25E07AA400FC8EB9 /* Colors.swift */,
				FA78783625E0640F001299EB /* Models */,
				FA78783525E063FD001299EB /* Views */,
				FA78781A25E02F44001299EB /* QuizJamApp.swift */,
				FA78781E25E02F45001299EB /* Assets.xcassets */,
				FA78782325E02F45001299EB /* Info.plist */,
				FA78782025E02F45001299EB /* Preview Content */,
				FA78782D25E05F7A001299EB /* cardData.json */,
				FA78783025E06367001299EB /* ModelData.swift */,
			);
			path = QuizJam;
			sourceTree = "<group>";
		};
		FA78782025E02F45001299EB /* Preview Content */ = {
			isa = PBXGroup;
			children = (
				FA78782125E02F45001299EB /* Preview Assets.xcassets */,
			);
			path = "Preview Content";
			sourceTree = "<group>";
		};
		FA78783525E063FD001299EB /* Views */ = {
			isa = PBXGroup;
			children = (
				B12212A425E07A9200FC8EB9 /* CardView.swift */,
				B12212A525E07A9200FC8EB9 /* CardContents.swift */,
				B12212A625E07A9200FC8EB9 /* CardBackground.swift */,
				FA78781C25E02F44001299EB /* ContentView.swift */,
				FA78783725E0643F001299EB /* CardList.swift */,
				B18B0F2C25E0809B00DF51CE /* PracticeView.swift */,
				B18B0F2F25E0B20000DF51CE /* AnswerCountView.swift */,
			);
			path = Views;
			sourceTree = "<group>";
		};
		FA78783625E0640F001299EB /* Models */ = {
			isa = PBXGroup;
			children = (
				FA78782A25E04383001299EB /* Card.swift */,
			);
			path = Models;
			sourceTree = "<group>";
		};
/* End PBXGroup section */

/* Begin PBXNativeTarget section */
		FA78781625E02F44001299EB /* QuizJam */ = {
			isa = PBXNativeTarget;
			buildConfigurationList = FA78782625E02F45001299EB /* Build configuration list for PBXNativeTarget "QuizJam" */;
			buildPhases = (
				FA78781325E02F44001299EB /* Sources */,
				FA78781425E02F44001299EB /* Frameworks */,
				FA78781525E02F44001299EB /* Resources */,
			);
			buildRules = (
			);
			dependencies = (
			);
			name = QuizJam;
			productName = QuizJam;
			productReference = FA78781725E02F44001299EB /* QuizJam.app */;
			productType = "com.apple.product-type.application";
		};
/* End PBXNativeTarget section */

/* Begin PBXProject section */
		FA78780F25E02F44001299EB /* Project object */ = {
			isa = PBXProject;
			attributes = {
				LastSwiftUpdateCheck = 1240;
				LastUpgradeCheck = 1240;
				TargetAttributes = {
					FA78781625E02F44001299EB = {
						CreatedOnToolsVersion = 12.4;
					};
				};
			};
			buildConfigurationList = FA78781225E02F44001299EB /* Build configuration list for PBXProject "QuizJam" */;
			compatibilityVersion = "Xcode 9.3";
			developmentRegion = en;
			hasScannedForEncodings = 0;
			knownRegions = (
				en,
				Base,
			);
			mainGroup = FA78780E25E02F44001299EB;
			productRefGroup = FA78781825E02F44001299EB /* Products */;
			projectDirPath = "";
			projectRoot = "";
			targets = (
				FA78781625E02F44001299EB /* QuizJam */,
			);
		};
/* End PBXProject section */

/* Begin PBXResourcesBuildPhase section */
		FA78781525E02F44001299EB /* Resources */ = {
			isa = PBXResourcesBuildPhase;
			buildActionMask = 2147483647;
			files = (
				FA78782E25E05F7A001299EB /* cardData.json in Resources */,
				FA78782225E02F45001299EB /* Preview Assets.xcassets in Resources */,
				FA78781F25E02F45001299EB /* Assets.xcassets in Resources */,
			);
			runOnlyForDeploymentPostprocessing = 0;
		};
/* End PBXResourcesBuildPhase section */

/* Begin PBXSourcesBuildPhase section */
		FA78781325E02F44001299EB /* Sources */ = {
			isa = PBXSourcesBuildPhase;
			buildActionMask = 2147483647;
			files = (
				FA78781D25E02F44001299EB /* ContentView.swift in Sources */,
				B18B0F2D25E0809B00DF51CE /* PracticeView.swift in Sources */,
				B12212AC25E07AA400FC8EB9 /* Colors.swift in Sources */,
				B12212A925E07A9200FC8EB9 /* CardBackground.swift in Sources */,
				B18B0F3025E0B20000DF51CE /* AnswerCountView.swift in Sources */,
				FA78783125E06367001299EB /* ModelData.swift in Sources */,
				B12212A825E07A9200FC8EB9 /* CardContents.swift in Sources */,
				FA78783825E0643F001299EB /* CardList.swift in Sources */,
				FA78782B25E04383001299EB /* Card.swift in Sources */,
				B12212A725E07A9200FC8EB9 /* CardView.swift in Sources */,
				FA78781B25E02F44001299EB /* QuizJamApp.swift in Sources */,
			);
			runOnlyForDeploymentPostprocessing = 0;
		};
/* End PBXSourcesBuildPhase section */

/* Begin XCBuildConfiguration section */
		FA78782425E02F45001299EB /* Debug */ = {
			isa = XCBuildConfiguration;
			buildSettings = {
				ALWAYS_SEARCH_USER_PATHS = NO;
				CLANG_ANALYZER_NONNULL = YES;
				CLANG_ANALYZER_NUMBER_OBJECT_CONVERSION = YES_AGGRESSIVE;
				CLANG_CXX_LANGUAGE_STANDARD = "gnu++14";
				CLANG_CXX_LIBRARY = "libc++";
				CLANG_ENABLE_MODULES = YES;
				CLANG_ENABLE_OBJC_ARC = YES;
				CLANG_ENABLE_OBJC_WEAK = YES;
				CLANG_WARN_BLOCK_CAPTURE_AUTORELEASING = YES;
				CLANG_WARN_BOOL_CONVERSION = YES;
				CLANG_WARN_COMMA = YES;
				CLANG_WARN_CONSTANT_CONVERSION = YES;
				CLANG_WARN_DEPRECATED_OBJC_IMPLEMENTATIONS = YES;
				CLANG_WARN_DIRECT_OBJC_ISA_USAGE = YES_ERROR;
				CLANG_WARN_DOCUMENTATION_COMMENTS = YES;
				CLANG_WARN_EMPTY_BODY = YES;
				CLANG_WARN_ENUM_CONVERSION = YES;
				CLANG_WARN_INFINITE_RECURSION = YES;
				CLANG_WARN_INT_CONVERSION = YES;
				CLANG_WARN_NON_LITERAL_NULL_CONVERSION = YES;
				CLANG_WARN_OBJC_IMPLICIT_RETAIN_SELF = YES;
				CLANG_WARN_OBJC_LITERAL_CONVERSION = YES;
				CLANG_WARN_OBJC_ROOT_CLASS = YES_ERROR;
				CLANG_WARN_QUOTED_INCLUDE_IN_FRAMEWORK_HEADER = YES;
				CLANG_WARN_RANGE_LOOP_ANALYSIS = YES;
				CLANG_WARN_STRICT_PROTOTYPES = YES;
				CLANG_WARN_SUSPICIOUS_MOVE = YES;
				CLANG_WARN_UNGUARDED_AVAILABILITY = YES_AGGRESSIVE;
				CLANG_WARN_UNREACHABLE_CODE = YES;
				CLANG_WARN__DUPLICATE_METHOD_MATCH = YES;
				COPY_PHASE_STRIP = NO;
				DEBUG_INFORMATION_FORMAT = dwarf;
				ENABLE_STRICT_OBJC_MSGSEND = YES;
				ENABLE_TESTABILITY = YES;
				GCC_C_LANGUAGE_STANDARD = gnu11;
				GCC_DYNAMIC_NO_PIC = NO;
				GCC_NO_COMMON_BLOCKS = YES;
				GCC_OPTIMIZATION_LEVEL = 0;
				GCC_PREPROCESSOR_DEFINITIONS = (
					"DEBUG=1",
					"$(inherited)",
				);
				GCC_WARN_64_TO_32_BIT_CONVERSION = YES;
				GCC_WARN_ABOUT_RETURN_TYPE = YES_ERROR;
				GCC_WARN_UNDECLARED_SELECTOR = YES;
				GCC_WARN_UNINITIALIZED_AUTOS = YES_AGGRESSIVE;
				GCC_WARN_UNUSED_FUNCTION = YES;
				GCC_WARN_UNUSED_VARIABLE = YES;
				IPHONEOS_DEPLOYMENT_TARGET = 14.4;
				MTL_ENABLE_DEBUG_INFO = INCLUDE_SOURCE;
				MTL_FAST_MATH = YES;
				ONLY_ACTIVE_ARCH = YES;
				SDKROOT = iphoneos;
				SWIFT_ACTIVE_COMPILATION_CONDITIONS = DEBUG;
				SWIFT_OPTIMIZATION_LEVEL = "-Onone";
			};
			name = Debug;
		};
		FA78782525E02F45001299EB /* Release */ = {
			isa = XCBuildConfiguration;
			buildSettings = {
				ALWAYS_SEARCH_USER_PATHS = NO;
				CLANG_ANALYZER_NONNULL = YES;
				CLANG_ANALYZER_NUMBER_OBJECT_CONVERSION = YES_AGGRESSIVE;
				CLANG_CXX_LANGUAGE_STANDARD = "gnu++14";
				CLANG_CXX_LIBRARY = "libc++";
				CLANG_ENABLE_MODULES = YES;
				CLANG_ENABLE_OBJC_ARC = YES;
				CLANG_ENABLE_OBJC_WEAK = YES;
				CLANG_WARN_BLOCK_CAPTURE_AUTORELEASING = YES;
				CLANG_WARN_BOOL_CONVERSION = YES;
				CLANG_WARN_COMMA = YES;
				CLANG_WARN_CONSTANT_CONVERSION = YES;
				CLANG_WARN_DEPRECATED_OBJC_IMPLEMENTATIONS = YES;
				CLANG_WARN_DIRECT_OBJC_ISA_USAGE = YES_ERROR;
				CLANG_WARN_DOCUMENTATION_COMMENTS = YES;
				CLANG_WARN_EMPTY_BODY = YES;
				CLANG_WARN_ENUM_CONVERSION = YES;
				CLANG_WARN_INFINITE_RECURSION = YES;
				CLANG_WARN_INT_CONVERSION = YES;
				CLANG_WARN_NON_LITERAL_NULL_CONVERSION = YES;
				CLANG_WARN_OBJC_IMPLICIT_RETAIN_SELF = YES;
				CLANG_WARN_OBJC_LITERAL_CONVERSION = YES;
				CLANG_WARN_OBJC_ROOT_CLASS = YES_ERROR;
				CLANG_WARN_QUOTED_INCLUDE_IN_FRAMEWORK_HEADER = YES;
				CLANG_WARN_RANGE_LOOP_ANALYSIS = YES;
				CLANG_WARN_STRICT_PROTOTYPES = YES;
				CLANG_WARN_SUSPICIOUS_MOVE = YES;
				CLANG_WARN_UNGUARDED_AVAILABILITY = YES_AGGRESSIVE;
				CLANG_WARN_UNREACHABLE_CODE = YES;
				CLANG_WARN__DUPLICATE_METHOD_MATCH = YES;
				COPY_PHASE_STRIP = NO;
				DEBUG_INFORMATION_FORMAT = "dwarf-with-dsym";
				ENABLE_NS_ASSERTIONS = NO;
				ENABLE_STRICT_OBJC_MSGSEND = YES;
				GCC_C_LANGUAGE_STANDARD = gnu11;
				GCC_NO_COMMON_BLOCKS = YES;
				GCC_WARN_64_TO_32_BIT_CONVERSION = YES;
				GCC_WARN_ABOUT_RETURN_TYPE = YES_ERROR;
				GCC_WARN_UNDECLARED_SELECTOR = YES;
				GCC_WARN_UNINITIALIZED_AUTOS = YES_AGGRESSIVE;
				GCC_WARN_UNUSED_FUNCTION = YES;
				GCC_WARN_UNUSED_VARIABLE = YES;
				IPHONEOS_DEPLOYMENT_TARGET = 14.4;
				MTL_ENABLE_DEBUG_INFO = NO;
				MTL_FAST_MATH = YES;
				SDKROOT = iphoneos;
				SWIFT_COMPILATION_MODE = wholemodule;
				SWIFT_OPTIMIZATION_LEVEL = "-O";
				VALIDATE_PRODUCT = YES;
			};
			name = Release;
		};
		FA78782725E02F45001299EB /* Debug */ = {
			isa = XCBuildConfiguration;
			buildSettings = {
				ASSETCATALOG_COMPILER_APPICON_NAME = AppIcon;
				ASSETCATALOG_COMPILER_GLOBAL_ACCENT_COLOR_NAME = AccentColor;
				CODE_SIGN_STYLE = Automatic;
				DEVELOPMENT_ASSET_PATHS = "\"QuizJam/Preview Content\"";
				DEVELOPMENT_TEAM = 35HK552TZV;
				ENABLE_PREVIEWS = YES;
				INFOPLIST_FILE = QuizJam/Info.plist;
				IPHONEOS_DEPLOYMENT_TARGET = 14.0;
				LD_RUNPATH_SEARCH_PATHS = (
					"$(inherited)",
					"@executable_path/Frameworks",
				);
				PRODUCT_BUNDLE_IDENTIFIER = com.mg.QuizJam;
				PRODUCT_NAME = "$(TARGET_NAME)";
				SWIFT_VERSION = 5.0;
				TARGETED_DEVICE_FAMILY = "1,2";
			};
			name = Debug;
		};
		FA78782825E02F45001299EB /* Release */ = {
			isa = XCBuildConfiguration;
			buildSettings = {
				ASSETCATALOG_COMPILER_APPICON_NAME = AppIcon;
				ASSETCATALOG_COMPILER_GLOBAL_ACCENT_COLOR_NAME = AccentColor;
				CODE_SIGN_STYLE = Automatic;
				DEVELOPMENT_ASSET_PATHS = "\"QuizJam/Preview Content\"";
				DEVELOPMENT_TEAM = 35HK552TZV;
				ENABLE_PREVIEWS = YES;
				INFOPLIST_FILE = QuizJam/Info.plist;
				IPHONEOS_DEPLOYMENT_TARGET = 14.0;
				LD_RUNPATH_SEARCH_PATHS = (
					"$(inherited)",
					"@executable_path/Frameworks",
				);
				PRODUCT_BUNDLE_IDENTIFIER = com.mg.QuizJam;
				PRODUCT_NAME = "$(TARGET_NAME)";
				SWIFT_VERSION = 5.0;
				TARGETED_DEVICE_FAMILY = "1,2";
			};
			name = Release;
		};
/* End XCBuildConfiguration section */

/* Begin XCConfigurationList section */
		FA78781225E02F44001299EB /* Build configuration list for PBXProject "QuizJam" */ = {
			isa = XCConfigurationList;
			buildConfigurations = (
				FA78782425E02F45001299EB /* Debug */,
				FA78782525E02F45001299EB /* Release */,
			);
			defaultConfigurationIsVisible = 0;
			defaultConfigurationName = Release;
		};
		FA78782625E02F45001299EB /* Build configuration list for PBXNativeTarget "QuizJam" */ = {
			isa = XCConfigurationList;
			buildConfigurations = (
				FA78782725E02F45001299EB /* Debug */,
				FA78782825E02F45001299EB /* Release */,
			);
			defaultConfigurationIsVisible = 0;
			defaultConfigurationName = Release;
		};
/* End XCConfigurationList section */
	};
	rootObject = FA78780F25E02F44001299EB /* Project object */;
}
